
Microsoft Visual Studio Solution File, Format Version 11.00
# Visual Studio 2010
Project("{FAE04EC0-301F-11D3-BF4B-00C04F79EFBC}") = "Raftar ki chahat", "Assembly-CSharp-firstpass.csproj", "{04A1163E-0DF6-5D71-8E31-632D4BC0A42B}"
EndProject
Project("{FAE04EC0-301F-11D3-BF4B-00C04F79EFBC}") = "Raftar ki chahat", "Assembly-CSharp.csproj", "{2E7BCF5A-13FC-81A4-76E6-4853CB98F7EF}"
EndProject
Project("{FAE04EC0-301F-11D3-BF4B-00C04F79EFBC}") = "Raftar ki chahat", "Assembly-CSharp-Editor-firstpass.csproj", "{DE08EFFE-E57D-EADE-6617-ACC74B774523}"
EndProject
Project("{FAE04EC0-301F-11D3-BF4B-00C04F79EFBC}") = "Raftar ki chahat", "Assembly-CSharp-Editor.csproj", "{52C8B73D-411B-182E-2997-F968CB808565}"
EndProject
Global
	GlobalSection(SolutionConfigurationPlatforms) = preSolution
		Debug|Any CPU = Debug|Any CPU
		Release|Any CPU = Release|Any CPU
	EndGlobalSection
	GlobalSection(ProjectConfigurationPlatforms) = postSolution
		{04A1163E-0DF6-5D71-8E31-632D4BC0A42B}.Debug|Any CPU.ActiveCfg = Debug|Any CPU
		{04A1163E-0DF6-5D71-8E31-632D4BC0A42B}.Debug|Any CPU.Build.0 = Debug|Any CPU
		{04A1163E-0DF6-5D71-8E31-632D4BC0A42B}.Release|Any CPU.ActiveCfg = Release|Any CPU
		{04A1163E-0DF6-5D71-8E31-632D4BC0A42B}.Release|Any CPU.Build.0 = Release|Any CPU
		{2E7BCF5A-13FC-81A4-76E6-4853CB98F7EF}.Debug|Any CPU.ActiveCfg = Debug|Any CPU
		{2E7BCF5A-13FC-81A4-76E6-4853CB98F7EF}.Debug|Any CPU.Build.0 = Debug|Any CPU
		{2E7BCF5A-13FC-81A4-76E6-4853CB98F7EF}.Release|Any CPU.ActiveCfg = Release|Any CPU
		{2E7BCF5A-13FC-81A4-76E6-4853CB98F7EF}.Release|Any CPU.Build.0 = Release|Any CPU
		{DE08EFFE-E57D-EADE-6617-ACC74B774523}.Debug|Any CPU.ActiveCfg = Debug|Any CPU
		{DE08EFFE-E57D-EADE-6617-ACC74B774523}.Debug|Any CPU.Build.0 = Debug|Any CPU
		{DE08EFFE-E57D-EADE-6617-ACC74B774523}.Release|Any CPU.ActiveCfg = Release|Any CPU
		{DE08EFFE-E57D-EADE-6617-ACC74B774523}.Release|Any CPU.Build.0 = Release|Any CPU
		{52C8B73D-411B-182E-2997-F968CB808565}.Debug|Any CPU.ActiveCfg = Debug|Any CPU
		{52C8B73D-411B-182E-2997-F968CB808565}.Debug|Any CPU.Build.0 = Debug|Any CPU
		{52C8B73D-411B-182E-2997-F968CB808565}.Release|Any CPU.ActiveCfg = Release|Any CPU
		{52C8B73D-411B-182E-2997-F968CB808565}.Release|Any CPU.Build.0 = Release|Any CPU
	EndGlobalSection
	GlobalSection(SolutionProperties) = preSolution
		HideSolutionNode = FALSE
	EndGlobalSection
	GlobalSection(MonoDevelopProperties) = preSolution
		StartupItem = Assembly-CSharp.csproj
	EndGlobalSection
EndGlobal
